
Microsoft Visual Studio Solution File, Format Version 12.00
# Visual Studio Version 16
VisualStudioVersion = 16.0.29806.167
MinimumVisualStudioVersion = 15.0.26124.0
Project("{2150E333-8FDC-42A3-9474-1A3956D46DE8}") = "src", "src", "{87651AED-2560-4D65-988B-CC368192BDF1}"
EndProject
Project("{9A19103F-16F7-4668-BE54-9A1E7A4F7556}") = "Alura.LeilaoOnline.WebApp", "src\Alura.LeilaoOnline.WebApp\Alura.LeilaoOnline.WebApp.csproj", "{BB3B5DFE-E87D-43AB-91F3-FFE89136C715}"
EndProject
Project("{2150E333-8FDC-42A3-9474-1A3956D46DE8}") = "tests", "tests", "{64367499-FAF1-4B60-9B15-CC877A9BCF6C}"
EndProject
Project("{9A19103F-16F7-4668-BE54-9A1E7A4F7556}") = "Alura.LeilaoOnline.Testes", "tests\Alura.LeilaoOnline.Testes\Alura.LeilaoOnline.Testes.csproj", "{40B9AD64-C64F-47C6-BE10-2B21DB1B9CF2}"
EndProject
Project("{FAE04EC0-301F-11D3-BF4B-00C04F79EFBC}") = "Alura.LeilaoOnline.CLI", "src\Alura.LeilaoOnline.CLI\Alura.LeilaoOnline.CLI.csproj", "{3588982C-5CCE-4C18-9206-FAD33B9BD2F9}"
EndProject
Global
	GlobalSection(SolutionConfigurationPlatforms) = preSolution
		Debug|Any CPU = Debug|Any CPU
		Debug|x64 = Debug|x64
		Debug|x86 = Debug|x86
		Release|Any CPU = Release|Any CPU
		Release|x64 = Release|x64
		Release|x86 = Release|x86
	EndGlobalSection
	GlobalSection(ProjectConfigurationPlatforms) = postSolution
		{BB3B5DFE-E87D-43AB-91F3-FFE89136C715}.Debug|Any CPU.ActiveCfg = Debug|Any CPU
		{BB3B5DFE-E87D-43AB-91F3-FFE89136C715}.Debug|Any CPU.Build.0 = Debug|Any CPU
		{BB3B5DFE-E87D-43AB-91F3-FFE89136C715}.Debug|x64.ActiveCfg = Debug|Any CPU
		{BB3B5DFE-E87D-43AB-91F3-FFE89136C715}.Debug|x64.Build.0 = Debug|Any CPU
		{BB3B5DFE-E87D-43AB-91F3-FFE89136C715}.Debug|x86.ActiveCfg = Debug|Any CPU
		{BB3B5DFE-E87D-43AB-91F3-FFE89136C715}.Debug|x86.Build.0 = Debug|Any CPU
		{BB3B5DFE-E87D-43AB-91F3-FFE89136C715}.Release|Any CPU.ActiveCfg = Release|Any CPU
		{BB3B5DFE-E87D-43AB-91F3-FFE89136C715}.Release|Any CPU.Build.0 = Release|Any CPU
		{BB3B5DFE-E87D-43AB-91F3-FFE89136C715}.Release|x64.ActiveCfg = Release|Any CPU
		{BB3B5DFE-E87D-43AB-91F3-FFE89136C715}.Release|x64.Build.0 = Release|Any CPU
		{BB3B5DFE-E87D-43AB-91F3-FFE89136C715}.Release|x86.ActiveCfg = Release|Any CPU
		{BB3B5DFE-E87D-43AB-91F3-FFE89136C715}.Release|x86.Build.0 = Release|Any CPU
		{40B9AD64-C64F-47C6-BE10-2B21DB1B9CF2}.Debug|Any CPU.ActiveCfg = Debug|Any CPU
		{40B9AD64-C64F-47C6-BE10-2B21DB1B9CF2}.Debug|Any CPU.Build.0 = Debug|Any CPU
		{40B9AD64-C64F-47C6-BE10-2B21DB1B9CF2}.Debug|x64.ActiveCfg = Debug|Any CPU
		{40B9AD64-C64F-47C6-BE10-2B21DB1B9CF2}.Debug|x64.Build.0 = Debug|Any CPU
		{40B9AD64-C64F-47C6-BE10-2B21DB1B9CF2}.Debug|x86.ActiveCfg = Debug|Any CPU
		{40B9AD64-C64F-47C6-BE10-2B21DB1B9CF2}.Debug|x86.Build.0 = Debug|Any CPU
		{40B9AD64-C64F-47C6-BE10-2B21DB1B9CF2}.Release|Any CPU.ActiveCfg = Release|Any CPU
		{40B9AD64-C64F-47C6-BE10-2B21DB1B9CF2}.Release|Any CPU.Build.0 = Release|Any CPU
		{40B9AD64-C64F-47C6-BE10-2B21DB1B9CF2}.Release|x64.ActiveCfg = Release|Any CPU
		{40B9AD64-C64F-47C6-BE10-2B21DB1B9CF2}.Release|x64.Build.0 = Release|Any CPU
		{40B9AD64-C64F-47C6-BE10-2B21DB1B9CF2}.Release|x86.ActiveCfg = Release|Any CPU
		{40B9AD64-C64F-47C6-BE10-2B21DB1B9CF2}.Release|x86.Build.0 = Release|Any CPU
		{3588982C-5CCE-4C18-9206-FAD33B9BD2F9}.Debug|Any CPU.ActiveCfg = Debug|Any CPU
		{3588982C-5CCE-4C18-9206-FAD33B9BD2F9}.Debug|Any CPU.Build.0 = Debug|Any CPU
		{3588982C-5CCE-4C18-9206-FAD33B9BD2F9}.Debug|x64.ActiveCfg = Debug|Any CPU
		{3588982C-5CCE-4C18-9206-FAD33B9BD2F9}.Debug|x64.Build.0 = Debug|Any CPU
		{3588982C-5CCE-4C18-9206-FAD33B9BD2F9}.Debug|x86.ActiveCfg = Debug|Any CPU
		{3588982C-5CCE-4C18-9206-FAD33B9BD2F9}.Debug|x86.Build.0 = Debug|Any CPU
		{3588982C-5CCE-4C18-9206-FAD33B9BD2F9}.Release|Any CPU.ActiveCfg = Release|Any CPU
		{3588982C-5CCE-4C18-9206-FAD33B9BD2F9}.Release|Any CPU.Build.0 = Release|Any CPU
		{3588982C-5CCE-4C18-9206-FAD33B9BD2F9}.Release|x64.ActiveCfg = Release|Any CPU
		{3588982C-5CCE-4C18-9206-FAD33B9BD2F9}.Release|x64.Build.0 = Release|Any CPU
		{3588982C-5CCE-4C18-9206-FAD33B9BD2F9}.Release|x86.ActiveCfg = Release|Any CPU
		{3588982C-5CCE-4C18-9206-FAD33B9BD2F9}.Release|x86.Build.0 = Release|Any CPU
	EndGlobalSection
	GlobalSection(SolutionProperties) = preSolution
		HideSolutionNode = FALSE
	EndGlobalSection
	GlobalSection(NestedProjects) = preSolution
		{BB3B5DFE-E87D-43AB-91F3-FFE89136C715} = {87651AED-2560-4D65-988B-CC368192BDF1}
		{40B9AD64-C64F-47C6-BE10-2B21DB1B9CF2} = {64367499-FAF1-4B60-9B15-CC877A9BCF6C}
		{3588982C-5CCE-4C18-9206-FAD33B9BD2F9} = {87651AED-2560-4D65-988B-CC368192BDF1}
	EndGlobalSection
	GlobalSection(ExtensibilityGlobals) = postSolution
		SolutionGuid = {47BBB7CB-16B7-4165-9408-F3D8F2F8E798}
	EndGlobalSection
EndGlobal
